
Microsoft Visual Studio Solution File, Format Version 12.00
# Visual Studio Version 16
VisualStudioVersion = 16.0.33927.289
MinimumVisualStudioVersion = 10.0.40219.1
Project("{FAE04EC0-301F-11D3-BF4B-00C04F79EFBC}") = "Tyuiu.NikitenkoPF.Sprint0.Task0.V0", "Tyuiu.NikitenkoPF.Sprint0.Task0.V0\Tyuiu.NikitenkoPF.Sprint0.Task0.V0.csproj", "{4BA6A1C9-40FC-49E0-8502-A857427B4FEB}"
EndProject
Project("{2150E333-8FDC-42A3-9474-1A3956D46DE8}") = "Task1", "Task1", "{546F9A01-05A2-4DEF-89D0-34AB663CF00A}"
EndProject
Project("{FAE04EC0-301F-11D3-BF4B-00C04F79EFBC}") = "Tyuiu.NikitenkoPF.Sprint0.Task1.V0", "Tyuiu.NikitenkoPF.Sprint0.Task1.V0\Tyuiu.NikitenkoPF.Sprint0.Task1.V0.csproj", "{881C9BDA-7AF7-4263-8B74-7AFF3C18273A}"
EndProject
Project("{2150E333-8FDC-42A3-9474-1A3956D46DE8}") = "Task 2", "Task 2", "{F7CBD7C8-3A75-4249-AA02-990BE3C0DB02}"
EndProject
Project("{FAE04EC0-301F-11D3-BF4B-00C04F79EFBC}") = "Tyuiu.NikitenkoPF.Sprint0.Task2.V0", "Tyuiu.NikitenkoPF.Sprint0.Task2.V0\Tyuiu.NikitenkoPF.Sprint0.Task2.V0.csproj", "{56CC9E52-2C35-4B43-8354-3B8CB34CCE54}"
EndProject
Project("{FAE04EC0-301F-11D3-BF4B-00C04F79EFBC}") = "Tyuiu.NikitenkoPF.Sprint0.Task2.V0.Lib", "Tyuiu.NikitenkoPF.Sprint0.Task2.V0.Lib\Tyuiu.NikitenkoPF.Sprint0.Task2.V0.Lib.csproj", "{BD0F47DD-0D82-486A-ABAE-EBC6315B356B}"
EndProject
Project("{FAE04EC0-301F-11D3-BF4B-00C04F79EFBC}") = "Tyuiu.NikitenkoPF.Sprint0.Task2.V0.Test", "Tyuiu.NikitenkoPF.Sprint0.Task2.V0.Test\Tyuiu.NikitenkoPF.Sprint0.Task2.V0.Test.csproj", "{25CFE9FF-D78A-44E3-8B7D-E7DC56BBAC14}"
EndProject
Project("{2150E333-8FDC-42A3-9474-1A3956D46DE8}") = "Task3", "Task3", "{D9E72AB7-A8AB-4B72-B95B-6D4DD9CDAEB4}"
EndProject
Project("{FAE04EC0-301F-11D3-BF4B-00C04F79EFBC}") = "Tyuiu.NikitenkoPF.Sprint0.Task3.V0", "Tyuiu.NikitenkoPF.Sprint0.Task3.V0\Tyuiu.NikitenkoPF.Sprint0.Task3.V0.csproj", "{39D12A89-52E0-410D-8454-03AB3F305F1A}"
EndProject
Project("{FAE04EC0-301F-11D3-BF4B-00C04F79EFBC}") = "Tyuiu.NikitenkoPF.Sprint0.Task3.V0.Lib", "Tyuiu.NikitenkoPF.Sprint0.Task3.V0.Lib\Tyuiu.NikitenkoPF.Sprint0.Task3.V0.Lib.csproj", "{80925850-49C3-4851-B9D4-9909D0B5D0C2}"
EndProject
Project("{FAE04EC0-301F-11D3-BF4B-00C04F79EFBC}") = "Tyuiu.NikitenkoPF.Sprint0.Task3.V0.Test", "Tyuiu.NikitenkoPF.Sprint0.Task3.V0.Test\Tyuiu.NikitenkoPF.Sprint0.Task3.V0.Test.csproj", "{85954E61-05EF-470F-9133-4E3F881AFCA2}"
EndProject
Project("{2150E333-8FDC-42A3-9474-1A3956D46DE8}") = "Task4", "Task4", "{A593D513-CB53-419A-9419-6ABBB88643C2}"
EndProject
Project("{FAE04EC0-301F-11D3-BF4B-00C04F79EFBC}") = "Tyuiu.NikitenkoPF.Sprint0.Task4.V0", "Tyuiu.NikitenkoPF.Sprint0.Task4.V0\Tyuiu.NikitenkoPF.Sprint0.Task4.V0.csproj", "{322A6183-7FE6-4F70-88AC-4A6F98DB947A}"
EndProject
Project("{FAE04EC0-301F-11D3-BF4B-00C04F79EFBC}") = "Tyuiu.NikitenkoPF.Sprint0.Task4.V0.Test", "Tyuiu.NikitenkoPF.Sprint0.Task4.V0.Test\Tyuiu.NikitenkoPF.Sprint0.Task4.V0.Test.csproj", "{1F6C534D-1D18-431F-84FB-8DE67D490F97}"
EndProject
Project("{FAE04EC0-301F-11D3-BF4B-00C04F79EFBC}") = "Tyuiu.NikitenkoPF.Sprint0.Task4.V0.Lib", "Tyuiu.NikitenkoPF.Sprint0.Task4.V0.Lib\Tyuiu.NikitenkoPF.Sprint0.Task4.V0.Lib.csproj", "{FF7C553F-49DC-4045-AEDB-78F8F417F62F}"
EndProject
Global
	GlobalSection(SolutionConfigurationPlatforms) = preSolution
		Debug|Any CPU = Debug|Any CPU
		Release|Any CPU = Release|Any CPU
	EndGlobalSection
	GlobalSection(ProjectConfigurationPlatforms) = postSolution
		{4BA6A1C9-40FC-49E0-8502-A857427B4FEB}.Debug|Any CPU.ActiveCfg = Debug|Any CPU
		{4BA6A1C9-40FC-49E0-8502-A857427B4FEB}.Debug|Any CPU.Build.0 = Debug|Any CPU
		{4BA6A1C9-40FC-49E0-8502-A857427B4FEB}.Release|Any CPU.ActiveCfg = Release|Any CPU
		{4BA6A1C9-40FC-49E0-8502-A857427B4FEB}.Release|Any CPU.Build.0 = Release|Any CPU
		{881C9BDA-7AF7-4263-8B74-7AFF3C18273A}.Debug|Any CPU.ActiveCfg = Debug|Any CPU
		{881C9BDA-7AF7-4263-8B74-7AFF3C18273A}.Debug|Any CPU.Build.0 = Debug|Any CPU
		{881C9BDA-7AF7-4263-8B74-7AFF3C18273A}.Release|Any CPU.ActiveCfg = Release|Any CPU
		{881C9BDA-7AF7-4263-8B74-7AFF3C18273A}.Release|Any CPU.Build.0 = Release|Any CPU
		{56CC9E52-2C35-4B43-8354-3B8CB34CCE54}.Debug|Any CPU.ActiveCfg = Debug|Any CPU
		{56CC9E52-2C35-4B43-8354-3B8CB34CCE54}.Debug|Any CPU.Build.0 = Debug|Any CPU
		{56CC9E52-2C35-4B43-8354-3B8CB34CCE54}.Release|Any CPU.ActiveCfg = Release|Any CPU
		{56CC9E52-2C35-4B43-8354-3B8CB34CCE54}.Release|Any CPU.Build.0 = Release|Any CPU
		{BD0F47DD-0D82-486A-ABAE-EBC6315B356B}.Debug|Any CPU.ActiveCfg = Debug|Any CPU
		{BD0F47DD-0D82-486A-ABAE-EBC6315B356B}.Debug|Any CPU.Build.0 = Debug|Any CPU
		{BD0F47DD-0D82-486A-ABAE-EBC6315B356B}.Release|Any CPU.ActiveCfg = Release|Any CPU
		{BD0F47DD-0D82-486A-ABAE-EBC6315B356B}.Release|Any CPU.Build.0 = Release|Any CPU
		{25CFE9FF-D78A-44E3-8B7D-E7DC56BBAC14}.Debug|Any CPU.ActiveCfg = Debug|Any CPU
		{25CFE9FF-D78A-44E3-8B7D-E7DC56BBAC14}.Debug|Any CPU.Build.0 = Debug|Any CPU
		{25CFE9FF-D78A-44E3-8B7D-E7DC56BBAC14}.Release|Any CPU.ActiveCfg = Release|Any CPU
		{25CFE9FF-D78A-44E3-8B7D-E7DC56BBAC14}.Release|Any CPU.Build.0 = Release|Any CPU
		{39D12A89-52E0-410D-8454-03AB3F305F1A}.Debug|Any CPU.ActiveCfg = Debug|Any CPU
		{39D12A89-52E0-410D-8454-03AB3F305F1A}.Debug|Any CPU.Build.0 = Debug|Any CPU
		{39D12A89-52E0-410D-8454-03AB3F305F1A}.Release|Any CPU.ActiveCfg = Release|Any CPU
		{39D12A89-52E0-410D-8454-03AB3F305F1A}.Release|Any CPU.Build.0 = Release|Any CPU
		{80925850-49C3-4851-B9D4-9909D0B5D0C2}.Debug|Any CPU.ActiveCfg = Debug|Any CPU
		{80925850-49C3-4851-B9D4-9909D0B5D0C2}.Debug|Any CPU.Build.0 = Debug|Any CPU
		{80925850-49C3-4851-B9D4-9909D0B5D0C2}.Release|Any CPU.ActiveCfg = Release|Any CPU
		{80925850-49C3-4851-B9D4-9909D0B5D0C2}.Release|Any CPU.Build.0 = Release|Any CPU
		{85954E61-05EF-470F-9133-4E3F881AFCA2}.Debug|Any CPU.ActiveCfg = Debug|Any CPU
		{85954E61-05EF-470F-9133-4E3F881AFCA2}.Debug|Any CPU.Build.0 = Debug|Any CPU
		{85954E61-05EF-470F-9133-4E3F881AFCA2}.Release|Any CPU.ActiveCfg = Release|Any CPU
		{85954E61-05EF-470F-9133-4E3F881AFCA2}.Release|Any CPU.Build.0 = Release|Any CPU
		{322A6183-7FE6-4F70-88AC-4A6F98DB947A}.Debug|Any CPU.ActiveCfg = Debug|Any CPU
		{322A6183-7FE6-4F70-88AC-4A6F98DB947A}.Debug|Any CPU.Build.0 = Debug|Any CPU
		{322A6183-7FE6-4F70-88AC-4A6F98DB947A}.Release|Any CPU.ActiveCfg = Release|Any CPU
		{322A6183-7FE6-4F70-88AC-4A6F98DB947A}.Release|Any CPU.Build.0 = Release|Any CPU
		{1F6C534D-1D18-431F-84FB-8DE67D490F97}.Debug|Any CPU.ActiveCfg = Debug|Any CPU
		{1F6C534D-1D18-431F-84FB-8DE67D490F97}.Debug|Any CPU.Build.0 = Debug|Any CPU
		{1F6C534D-1D18-431F-84FB-8DE67D490F97}.Release|Any CPU.ActiveCfg = Release|Any CPU
		{1F6C534D-1D18-431F-84FB-8DE67D490F97}.Release|Any CPU.Build.0 = Release|Any CPU
		{FF7C553F-49DC-4045-AEDB-78F8F417F62F}.Debug|Any CPU.ActiveCfg = Debug|Any CPU
		{FF7C553F-49DC-4045-AEDB-78F8F417F62F}.Debug|Any CPU.Build.0 = Debug|Any CPU
		{FF7C553F-49DC-4045-AEDB-78F8F417F62F}.Release|Any CPU.ActiveCfg = Release|Any CPU
		{FF7C553F-49DC-4045-AEDB-78F8F417F62F}.Release|Any CPU.Build.0 = Release|Any CPU
	EndGlobalSection
	GlobalSection(SolutionProperties) = preSolution
		HideSolutionNode = FALSE
	EndGlobalSection
	GlobalSection(NestedProjects) = preSolution
		{881C9BDA-7AF7-4263-8B74-7AFF3C18273A} = {546F9A01-05A2-4DEF-89D0-34AB663CF00A}
		{56CC9E52-2C35-4B43-8354-3B8CB34CCE54} = {F7CBD7C8-3A75-4249-AA02-990BE3C0DB02}
		{BD0F47DD-0D82-486A-ABAE-EBC6315B356B} = {F7CBD7C8-3A75-4249-AA02-990BE3C0DB02}
		{25CFE9FF-D78A-44E3-8B7D-E7DC56BBAC14} = {F7CBD7C8-3A75-4249-AA02-990BE3C0DB02}
		{39D12A89-52E0-410D-8454-03AB3F305F1A} = {D9E72AB7-A8AB-4B72-B95B-6D4DD9CDAEB4}
		{80925850-49C3-4851-B9D4-9909D0B5D0C2} = {D9E72AB7-A8AB-4B72-B95B-6D4DD9CDAEB4}
		{85954E61-05EF-470F-9133-4E3F881AFCA2} = {D9E72AB7-A8AB-4B72-B95B-6D4DD9CDAEB4}
		{322A6183-7FE6-4F70-88AC-4A6F98DB947A} = {A593D513-CB53-419A-9419-6ABBB88643C2}
		{1F6C534D-1D18-431F-84FB-8DE67D490F97} = {A593D513-CB53-419A-9419-6ABBB88643C2}
		{FF7C553F-49DC-4045-AEDB-78F8F417F62F} = {A593D513-CB53-419A-9419-6ABBB88643C2}
	EndGlobalSection
	GlobalSection(ExtensibilityGlobals) = postSolution
		SolutionGuid = {F5E023A5-9C0F-4227-A7E8-4791846DC4E3}
	EndGlobalSection
EndGlobal
